
Microsoft Visual Studio Solution File, Format Version 12.00
# Visual Studio Version 17
VisualStudioVersion = 17.1.32210.238
MinimumVisualStudioVersion = 10.0.40219.1
Project("{FAE04EC0-301F-11D3-BF4B-00C04F79EFBC}") = "WebAppDemo", "WebAppDemo\WebAppDemo.csproj", "{6BD03D10-9CAE-4E88-B7D3-1AB9EC8EB0F6}"
EndProject
Global
	GlobalSection(SolutionConfigurationPlatforms) = preSolution
		Debug|Any CPU = Debug|Any CPU
		Release|Any CPU = Release|Any CPU
	EndGlobalSection
	GlobalSection(ProjectConfigurationPlatforms) = postSolution
		{6BD03D10-9CAE-4E88-B7D3-1AB9EC8EB0F6}.Debug|Any CPU.ActiveCfg = Debug|Any CPU
		{6BD03D10-9CAE-4E88-B7D3-1AB9EC8EB0F6}.Debug|Any CPU.Build.0 = Debug|Any CPU
		{6BD03D10-9CAE-4E88-B7D3-1AB9EC8EB0F6}.Release|Any CPU.ActiveCfg = Release|Any CPU
		{6BD03D10-9CAE-4E88-B7D3-1AB9EC8EB0F6}.Release|Any CPU.Build.0 = Release|Any CPU
	EndGlobalSection
	GlobalSection(SolutionProperties) = preSolution
		HideSolutionNode = FALSE
	EndGlobalSection
	GlobalSection(ExtensibilityGlobals) = postSolution
		SolutionGuid = {6F1CA0B3-9816-4473-A3BA-02A0685A2C2F}
	EndGlobalSection
EndGlobal
